<?xml version="1.0" encoding="utf-8"?>
<Project ToolsVersion="4.0" xmlns="http://schemas.microsoft.com/developer/msbuild/2003">
  <ItemGroup>
    <Filter Include="Header files">
      <UniqueIdentifier>{93995380-89BD-4b04-88EB-625FBE52EBFB}</UniqueIdentifier>
      <Extensions>h;hh;hpp;hxx;hm;inl;inc;xsd</Extensions>
    </Filter>
    <Filter Include="Header files\mxml">
      <UniqueIdentifier>{73f7fbf9-a991-425b-a0b4-cdb1b90fff61}</UniqueIdentifier>
    </Filter>
    <Filter Include="Source code">
      <UniqueIdentifier>{4FC737F1-C7A5-4376-A066-2A32D752A2FF}</UniqueIdentifier>
      <Extensions>cpp;c;cc;cxx;def;odl;idl;hpj;bat;asm;asmx</Extensions>
    </Filter>
    <Filter Include="Source code\mxml">
      <UniqueIdentifier>{e0849a72-8148-411f-9277-13302bd81f30}</UniqueIdentifier>
    </Filter>
  </ItemGroup>
  <ItemGroup>
    <ClInclude Include="Application.h">
      <Filter>Header files</Filter>
    </ClInclude>
    <ClInclude Include="Config.h">
      <Filter>Header files</Filter>
    </ClInclude>
    <ClInclude Include="MainWnd.h">
      <Filter>Header files</Filter>
    </ClInclude>
    <ClInclude Include="mxml\include\mxml.h">
      <Filter>Header files\mxml</Filter>
    </ClInclude>
    <ClInclude Include="mxml\include\mxml_attribute.h">
      <Filter>Header files\mxml</Filter>
    </ClInclude>
    <ClInclude Include="mxml\include\mxml_document.h">
      <Filter>Header files\mxml</Filter>
    </ClInclude>
    <ClInclude Include="mxml\include\mxml_element.h">
      <Filter>Header files\mxml</Filter>
    </ClInclude>
    <ClInclude Include="mxml\include\mxml_error.h">
      <Filter>Header files\mxml</Filter>
    </ClInclude>
    <ClInclude Include="mxml\include\mxml_iterator.h">
      <Filter>Header files\mxml</Filter>
    </ClInclude>
    <ClInclude Include="mxml\include\mxml_node.h">
      <Filter>Header files\mxml</Filter>
    </ClInclude>
    <ClInclude Include="mxml\include\mxml_utility.h">
      <Filter>Header files\mxml</Filter>
    </ClInclude>
    <ClInclude Include="resource.h">
      <Filter>Header files</Filter>
    </ClInclude>
  </ItemGroup>
  <ItemGroup>
    <ClCompile Include="Application.cpp">
      <Filter>Source code</Filter>
    </ClCompile>
    <ClCompile Include="Config.cpp">
      <Filter>Source code</Filter>
    </ClCompile>
    <ClCompile Include="MainWnd.cpp">
      <Filter>Source code</Filter>
    </ClCompile>
    <ClCompile Include="mxml\src\mxml_attribute.cpp">
      <Filter>Source code\mxml</Filter>
    </ClCompile>
    <ClCompile Include="mxml\src\mxml_document.cpp">
      <Filter>Source code\mxml</Filter>
    </ClCompile>
    <ClCompile Include="mxml\src\mxml_error.cpp">
      <Filter>Source code\mxml</Filter>
    </ClCompile>
    <ClCompile Include="mxml\src\mxml_node.cpp">
      <Filter>Source code\mxml</Filter>
    </ClCompile>
    <ClCompile Include="mxml\src\mxml_utility.cpp">
      <Filter>Source code\mxml</Filter>
    </ClCompile>
  </ItemGroup>
  <ItemGroup>
    <ResourceCompile Include="Preinstall-Splash-Tool.rc" />
  </ItemGroup>
</Project>