<?xml version="1.0" encoding="utf-8"?>
<Project ToolsVersion="4.0" xmlns="http://schemas.microsoft.com/developer/msbuild/2003">
  <ItemGroup>
    <Filter Include="Файлы исходного кода">
      <UniqueIdentifier>{4FC737F1-C7A5-4376-A066-2A32D752A2FF}</UniqueIdentifier>
      <Extensions>cpp;c;cc;cxx;def;odl;idl;hpj;bat;asm;asmx</Extensions>
    </Filter>
    <Filter Include="Заголовочные файлы">
      <UniqueIdentifier>{93995380-89BD-4b04-88EB-625FBE52EBFB}</UniqueIdentifier>
      <Extensions>h;hh;hpp;hxx;hm;inl;inc;xsd</Extensions>
    </Filter>
    <Filter Include="Файлы ресурсов">
      <UniqueIdentifier>{67DA6AB6-F800-4c08-8B7A-83BB121AAD01}</UniqueIdentifier>
      <Extensions>rc;ico;cur;bmp;dlg;rc2;rct;bin;rgs;gif;jpg;jpeg;jpe;resx;tiff;tif;png;wav;mfcribbon-ms</Extensions>
    </Filter>
    <Filter Include="Заголовочные файлы\mxml">
      <UniqueIdentifier>{73f7fbf9-a991-425b-a0b4-cdb1b90fff61}</UniqueIdentifier>
    </Filter>
    <Filter Include="Файлы исходного кода\mxml">
      <UniqueIdentifier>{e0849a72-8148-411f-9277-13302bd81f30}</UniqueIdentifier>
    </Filter>
  </ItemGroup>
  <ItemGroup>
    <ClInclude Include="Application.h">
      <Filter>Заголовочные файлы</Filter>
    </ClInclude>
    <ClInclude Include="Config.h">
      <Filter>Заголовочные файлы</Filter>
    </ClInclude>
    <ClInclude Include="MainWnd.h">
      <Filter>Заголовочные файлы</Filter>
    </ClInclude>
    <ClInclude Include="mxml\include\mxml.h">
      <Filter>Заголовочные файлы\mxml</Filter>
    </ClInclude>
    <ClInclude Include="mxml\include\mxml_attribute.h">
      <Filter>Заголовочные файлы\mxml</Filter>
    </ClInclude>
    <ClInclude Include="mxml\include\mxml_document.h">
      <Filter>Заголовочные файлы\mxml</Filter>
    </ClInclude>
    <ClInclude Include="mxml\include\mxml_element.h">
      <Filter>Заголовочные файлы\mxml</Filter>
    </ClInclude>
    <ClInclude Include="mxml\include\mxml_error.h">
      <Filter>Заголовочные файлы\mxml</Filter>
    </ClInclude>
    <ClInclude Include="mxml\include\mxml_iterator.h">
      <Filter>Заголовочные файлы\mxml</Filter>
    </ClInclude>
    <ClInclude Include="mxml\include\mxml_node.h">
      <Filter>Заголовочные файлы\mxml</Filter>
    </ClInclude>
    <ClInclude Include="mxml\include\mxml_utility.h">
      <Filter>Заголовочные файлы\mxml</Filter>
    </ClInclude>
  </ItemGroup>
  <ItemGroup>
    <ClCompile Include="Application.cpp">
      <Filter>Файлы исходного кода</Filter>
    </ClCompile>
    <ClCompile Include="Config.cpp">
      <Filter>Файлы исходного кода</Filter>
    </ClCompile>
    <ClCompile Include="MainWnd.cpp">
      <Filter>Файлы исходного кода</Filter>
    </ClCompile>
    <ClCompile Include="mxml\src\mxml_attribute.cpp">
      <Filter>Файлы исходного кода\mxml</Filter>
    </ClCompile>
    <ClCompile Include="mxml\src\mxml_document.cpp">
      <Filter>Файлы исходного кода\mxml</Filter>
    </ClCompile>
    <ClCompile Include="mxml\src\mxml_error.cpp">
      <Filter>Файлы исходного кода\mxml</Filter>
    </ClCompile>
    <ClCompile Include="mxml\src\mxml_node.cpp">
      <Filter>Файлы исходного кода\mxml</Filter>
    </ClCompile>
    <ClCompile Include="mxml\src\mxml_utility.cpp">
      <Filter>Файлы исходного кода\mxml</Filter>
    </ClCompile>
  </ItemGroup>
</Project>